PODS:
  - AFNetworking (1.3.4)
  - AFNetworking-RACExtensions (0.1.2):
    - AFNetworking (~> 1.0)
    - ReactiveCocoa (= 2.0)
  - iOSPlot (1.0.1)
  - Mantle (1.3.1):
    - Mantle/extobjc (= 1.3.1)
  - Mantle/extobjc (1.3.1)
  - ReactiveCocoa (2.0):
    - ReactiveCocoa/Core (= 2.0)
    - ReactiveCocoa/no-arc (= 2.0)
    - ReactiveCocoa/RACExtensions (= 2.0)
  - ReactiveCocoa/Core (2.0):
    - ReactiveCocoa/no-arc
  - ReactiveCocoa/no-arc (2.0)
  - ReactiveCocoa/RACExtensions (2.0):
    - ReactiveCocoa/Core
  - TWMessageBarManager (1.3.5)
  - Underscore.m (0.2.1)
  - VTAcknowledgementsViewController (0.12)
  - XYPieChart (0.2)

DEPENDENCIES:
  - AFNetworking-RACExtensions (= 0.1.2)
  - iOSPlot (~> 1.0.1)
  - Mantle (~> 1.3.1)
  - ReactiveCocoa (~> 2.0.0)
  - TWMessageBarManager (~> 1.3.0)
  - Underscore.m (~> 0.2.1)
  - VTAcknowledgementsViewController (~> 0.3)
  - XYPieChart (~> 0.2)

SPEC CHECKSUMS:
  AFNetworking: cf8e418e16f0c9c7e5c3150d019a3c679d015018
  AFNetworking-RACExtensions: 6553f306fe1dc33e3de512504783b54d76612398
  iOSPlot: b68b565b1f625f1e43badfaebea58cc8fa4ec6b7
  Mantle: a516570b84c3cefb34b02647a6588a087dddc490
  ReactiveCocoa: c5347d7b1c348d22a85800e14e89da84c5254cfb
  TWMessageBarManager: 0b5b96186e1f17f00f9a0c1dacceb41fa3ea8457
  Underscore.m: b86ca364d60509a39eb9c7886443c063b793aaba
  VTAcknowledgementsViewController: 5ef73fca3a6179a5488a86ea99d3c7018e8e2fcb
  XYPieChart: 0efd8069d26c25d20ab74c01b5ad455f1fc48153

COCOAPODS: 0.36.4
