PODS:
  - AFNetworking (1.3.4)
  - AFNetworking-RACExtensions (0.1.2):
    - AFNetworking (~> 1.0)
    - ReactiveCocoa (= 2.0)
  - iOSPlot (1.0.1)
  - Mantle (1.3.1):
    - Mantle/extobjc
  - Mantle/extobjc (1.3.1)
  - ReactiveCocoa (2.0):
    - ReactiveCocoa/Core
    - ReactiveCocoa/no-arc
    - ReactiveCocoa/RACExtensions
  - ReactiveCocoa/Core (2.0):
    - ReactiveCocoa/no-arc
  - ReactiveCocoa/no-arc (2.0)
  - ReactiveCocoa/RACExtensions (2.0):
    - ReactiveCocoa/Core
  - TWMessageBarManager (1.3.5)
  - Underscore.m (0.2.1)
  - VTAcknowledgementsViewController (0.12)
  - XYPieChart (0.2)

DEPENDENCIES:
  - AFNetworking-RACExtensions (= 0.1.2)
  - iOSPlot (~> 1.0.1)
  - Mantle (~> 1.3.1)
  - ReactiveCocoa (~> 2.0.0)
  - TWMessageBarManager (~> 1.3.0)
  - Underscore.m (~> 0.2.1)
  - VTAcknowledgementsViewController (~> 0.3)
  - XYPieChart (~> 0.2)

SPEC CHECKSUMS:
  AFNetworking: 80c4e0652b08eb34e25b9c0ff3c82556fe5967b4
  AFNetworking-RACExtensions: a43d1d2882f04af5d1d5d0285855e4cab9e021ee
  iOSPlot: 93934987c4be73bfdd229d0068bb1302efa05109
  Mantle: a59fdca5cfedd43a0707f0418b3df4b043a1425d
  ReactiveCocoa: 27cc8d4b5baa6460881f961131ce917813538929
  TWMessageBarManager: 681b0d138b3228bc370e909bcc4cb5248d4c7a1c
  Underscore.m: f99c166a9fdccfb5069085b6b4263c04b817fc9f
  VTAcknowledgementsViewController: 5cdab8f3d003680b8fbdfcce90fcab92cee962a6
  XYPieChart: 94f89331038feb5b4e6372ba07c7a89e74899d32

COCOAPODS: 0.34.2
