PODS:
  - AFNetworking (1.3.3)
  - AFNetworking-RACExtensions (0.1.2):
    - AFNetworking (~> 1.0)
    - ReactiveCocoa (= 2.0)
  - iOSPlot (1.0.1)
  - Mantle (1.3.1):
    - Mantle/extobjc
  - Mantle/extobjc (1.3.1)
  - ReactiveCocoa (2.0):
    - ReactiveCocoa/Core
    - ReactiveCocoa/no-arc
    - ReactiveCocoa/RACExtensions
  - ReactiveCocoa/Core (2.0):
    - ReactiveCocoa/no-arc
  - ReactiveCocoa/no-arc (2.0)
  - ReactiveCocoa/RACExtensions (2.0):
    - ReactiveCocoa/Core
  - TWMessageBarManager (1.3.0)
  - Underscore.m (0.2.1)
  - VTAcknowledgementsViewController (0.4)
  - XYPieChart (0.2)

DEPENDENCIES:
  - AFNetworking-RACExtensions (~> 0.1.2)
  - iOSPlot (~> 1.0.1)
  - Mantle (~> 1.3.1)
  - ReactiveCocoa (~> 2.0.0)
  - TWMessageBarManager (~> 1.3.0)
  - Underscore.m (~> 0.2.1)
  - VTAcknowledgementsViewController (~> 0.3)
  - XYPieChart (~> 0.2)

SPEC CHECKSUMS:
  AFNetworking: 61fdd49e2ffe6380378df37b3b6e70630bb9dd66
  AFNetworking-RACExtensions: b7d01ef9969feaff48e5b8864958cbcf3c7370ec
  iOSPlot: 7cf7d52c430dc19db5271a6607ef1545093446c2
  Mantle: abc3b0c81bc66eb624cf9cebb8640e377d5a44ae
  ReactiveCocoa: 04f49b91365cc946e7ca327bcfb5765fcea69e76
  TWMessageBarManager: 82343e43813dba4e66e75bc73d265a361a661eed
  Underscore.m: 593ea54a19d3cc4439387a83d36eb7ba6ffd1707
  VTAcknowledgementsViewController: 800f7478ee12ef47149178e8a8586755699af155
  XYPieChart: 17fa4ce063f09cf60716ff6974cfb5930bdc6afd

COCOAPODS: 0.29.0
